
Microsoft Visual Studio Solution File, Format Version 12.00
# Visual Studio 15
VisualStudioVersion = 15.0.27428.2037
MinimumVisualStudioVersion = 10.0.40219.1
Project("{FAE04EC0-301F-11D3-BF4B-00C04F79EFBC}") = "virtual_diary", "virtual_diary\virtual_diary.csproj", "{7907E41A-E64C-481B-AAFD-10F0B7F1308D}"
EndProject
Project("{FAE04EC0-301F-11D3-BF4B-00C04F79EFBC}") = "virtual_diary.Tests", "virtual_diary.Tests\virtual_diary.Tests.csproj", "{CCE99900-5670-45FD-A464-04B92AC0B247}"
EndProject
Global
	GlobalSection(SolutionConfigurationPlatforms) = preSolution
		Debug|Any CPU = Debug|Any CPU
		Release|Any CPU = Release|Any CPU
	EndGlobalSection
	GlobalSection(ProjectConfigurationPlatforms) = postSolution
		{7907E41A-E64C-481B-AAFD-10F0B7F1308D}.Debug|Any CPU.ActiveCfg = Debug|Any CPU
		{7907E41A-E64C-481B-AAFD-10F0B7F1308D}.Debug|Any CPU.Build.0 = Debug|Any CPU
		{7907E41A-E64C-481B-AAFD-10F0B7F1308D}.Release|Any CPU.ActiveCfg = Release|Any CPU
		{7907E41A-E64C-481B-AAFD-10F0B7F1308D}.Release|Any CPU.Build.0 = Release|Any CPU
		{CCE99900-5670-45FD-A464-04B92AC0B247}.Debug|Any CPU.ActiveCfg = Debug|Any CPU
		{CCE99900-5670-45FD-A464-04B92AC0B247}.Debug|Any CPU.Build.0 = Debug|Any CPU
		{CCE99900-5670-45FD-A464-04B92AC0B247}.Release|Any CPU.ActiveCfg = Release|Any CPU
		{CCE99900-5670-45FD-A464-04B92AC0B247}.Release|Any CPU.Build.0 = Release|Any CPU
	EndGlobalSection
	GlobalSection(SolutionProperties) = preSolution
		HideSolutionNode = FALSE
	EndGlobalSection
	GlobalSection(ExtensibilityGlobals) = postSolution
		SolutionGuid = {554D5D55-7E26-4501-80FB-C58F4B14B129}
	EndGlobalSection
EndGlobal
